// !$*UTF8*$!
{
	archiveVersion = 1;
	classes = {
	};
	objectVersion = 46;
	objects = {

/* Begin PBXBuildFile section */
		DD1AE1A91BE2CC2400245EDE /* AppDelegate.swift in Sources */ = {isa = PBXBuildFile; fileRef = DD1AE1A81BE2CC2400245EDE /* AppDelegate.swift */; };
		DD1AE1AB1BE2CC2400245EDE /* GameScene.sks in Resources */ = {isa = PBXBuildFile; fileRef = DD1AE1AA1BE2CC2400245EDE /* GameScene.sks */; };
		DD1AE1AD1BE2CC2400245EDE /* GameScene.swift in Sources */ = {isa = PBXBuildFile; fileRef = DD1AE1AC1BE2CC2400245EDE /* GameScene.swift */; };
		DD1AE1AF1BE2CC2400245EDE /* GameViewController.swift in Sources */ = {isa = PBXBuildFile; fileRef = DD1AE1AE1BE2CC2400245EDE /* GameViewController.swift */; };
		DD1AE1B21BE2CC2400245EDE /* Main.storyboard in Resources */ = {isa = PBXBuildFile; fileRef = DD1AE1B01BE2CC2400245EDE /* Main.storyboard */; };
		DD1AE1B41BE2CC2400245EDE /* Assets.xcassets in Resources */ = {isa = PBXBuildFile; fileRef = DD1AE1B31BE2CC2400245EDE /* Assets.xcassets */; };
		DD1AE1B71BE2CC2400245EDE /* LaunchScreen.storyboard in Resources */ = {isa = PBXBuildFile; fileRef = DD1AE1B51BE2CC2400245EDE /* LaunchScreen.storyboard */; };
/* End PBXBuildFile section */

/* Begin PBXFileReference section */
		DD1AE1A51BE2CC2400245EDE /* MillionSource.app */ = {isa = PBXFileReference; explicitFileType = wrapper.application; includeInIndex = 0; path = MillionSource.app; sourceTree = BUILT_PRODUCTS_DIR; };
		DD1AE1A81BE2CC2400245EDE /* AppDelegate.swift */ = {isa = PBXFileReference; lastKnownFileType = sourcecode.swift; path = AppDelegate.swift; sourceTree = "<group>"; };
		DD1AE1AA1BE2CC2400245EDE /* GameScene.sks */ = {isa = PBXFileReference; lastKnownFileType = file.sks; path = GameScene.sks; sourceTree = "<group>"; };
		DD1AE1AC1BE2CC2400245EDE /* GameScene.swift */ = {isa = PBXFileReference; lastKnownFileType = sourcecode.swift; path = GameScene.swift; sourceTree = "<group>"; };
		DD1AE1AE1BE2CC2400245EDE /* GameViewController.swift */ = {isa = PBXFileReference; lastKnownFileType = sourcecode.swift; path = GameViewController.swift; sourceTree = "<group>"; };
		DD1AE1B11BE2CC2400245EDE /* Base */ = {isa = PBXFileReference; lastKnownFileType = file.storyboard; name = Base; path = Base.lproj/Main.storyboard; sourceTree = "<group>"; };
		DD1AE1B31BE2CC2400245EDE /* Assets.xcassets */ = {isa = PBXFileReference; lastKnownFileType = folder.assetcatalog; path = Assets.xcassets; sourceTree = "<group>"; };
		DD1AE1B61BE2CC2400245EDE /* Base */ = {isa = PBXFileReference; lastKnownFileType = file.storyboard; name = Base; path = Base.lproj/LaunchScreen.storyboard; sourceTree = "<group>"; };
		DD1AE1B81BE2CC2400245EDE /* Info.plist */ = {isa = PBXFileReference; lastKnownFileType = text.plist.xml; path = Info.plist; sourceTree = "<group>"; };
/* End PBXFileReference section */

/* Begin PBXFrameworksBuildPhase section */
		DD1AE1A21BE2CC2400245EDE /* Frameworks */ = {
			isa = PBXFrameworksBuildPhase;
			buildActionMask = 2147483647;
			files = (
			);
			runOnlyForDeploymentPostprocessing = 0;
		};
/* End PBXFrameworksBuildPhase section */

/* Begin PBXGroup section */
		DD1AE19C1BE2CC2400245EDE = {
			isa = PBXGroup;
			children = (
				DD1AE1A71BE2CC2400245EDE /* MillionSource */,
				DD1AE1A61BE2CC2400245EDE /* Products */,
			);
			sourceTree = "<group>";
		};
		DD1AE1A61BE2CC2400245EDE /* Products */ = {
			isa = PBXGroup;
			children = (
				DD1AE1A51BE2CC2400245EDE /* MillionSource.app */,
			);
			name = Products;
			sourceTree = "<group>";
		};
		DD1AE1A71BE2CC2400245EDE /* MillionSource */ = {
			isa = PBXGroup;
			children = (
				DD1AE1A81BE2CC2400245EDE /* AppDelegate.swift */,
				DD1AE1AA1BE2CC2400245EDE /* GameScene.sks */,
				DD1AE1AC1BE2CC2400245EDE /* GameScene.swift */,
				DD1AE1AE1BE2CC2400245EDE /* GameViewController.swift */,
				DD1AE1B01BE2CC2400245EDE /* Main.storyboard */,
				DD1AE1B31BE2CC2400245EDE /* Assets.xcassets */,
				DD1AE1B51BE2CC2400245EDE /* LaunchScreen.storyboard */,
				DD1AE1B81BE2CC2400245EDE /* Info.plist */,
			);
			path = MillionSource;
			sourceTree = "<group>";
		};
/* End PBXGroup section */

/* Begin PBXNativeTarget section */
		DD1AE1A41BE2CC2400245EDE /* MillionSource */ = {
			isa = PBXNativeTarget;
			buildConfigurationList = DD1AE1BB1BE2CC2400245EDE /* Build configuration list for PBXNativeTarget "MillionSource" */;
			buildPhases = (
				DD1AE1A11BE2CC2400245EDE /* Sources */,
				DD1AE1A21BE2CC2400245EDE /* Frameworks */,
				DD1AE1A31BE2CC2400245EDE /* Resources */,
			);
			buildRules = (
			);
			dependencies = (
			);
			name = MillionSource;
			productName = MillionSource;
			productReference = DD1AE1A51BE2CC2400245EDE /* MillionSource.app */;
			productType = "com.apple.product-type.application";
		};
/* End PBXNativeTarget section */

/* Begin PBXProject section */
		DD1AE19D1BE2CC2400245EDE /* Project object */ = {
			isa = PBXProject;
			attributes = {
				LastUpgradeCheck = 0700;
				ORGANIZATIONNAME = "Stanislav Nosulenko";
				TargetAttributes = {
					DD1AE1A41BE2CC2400245EDE = {
						CreatedOnToolsVersion = 7.0.1;
					};
				};
			};
			buildConfigurationList = DD1AE1A01BE2CC2400245EDE /* Build configuration list for PBXProject "MillionSource" */;
			compatibilityVersion = "Xcode 3.2";
			developmentRegion = English;
			hasScannedForEncodings = 0;
			knownRegions = (
				en,
				Base,
			);
			mainGroup = DD1AE19C1BE2CC2400245EDE;
			productRefGroup = DD1AE1A61BE2CC2400245EDE /* Products */;
			projectDirPath = "";
			projectRoot = "";
			targets = (
				DD1AE1A41BE2CC2400245EDE /* MillionSource */,
			);
		};
/* End PBXProject section */

/* Begin PBXResourcesBuildPhase section */
		DD1AE1A31BE2CC2400245EDE /* Resources */ = {
			isa = PBXResourcesBuildPhase;
			buildActionMask = 2147483647;
			files = (
				DD1AE1AB1BE2CC2400245EDE /* GameScene.sks in Resources */,
				DD1AE1B71BE2CC2400245EDE /* LaunchScreen.storyboard in Resources */,
				DD1AE1B41BE2CC2400245EDE /* Assets.xcassets in Resources */,
				DD1AE1B21BE2CC2400245EDE /* Main.storyboard in Resources */,
			);
			runOnlyForDeploymentPostprocessing = 0;
		};
/* End PBXResourcesBuildPhase section */

/* Begin PBXSourcesBuildPhase section */
		DD1AE1A11BE2CC2400245EDE /* Sources */ = {
			isa = PBXSourcesBuildPhase;
			buildActionMask = 2147483647;
			files = (
				DD1AE1AD1BE2CC2400245EDE /* GameScene.swift in Sources */,
				DD1AE1AF1BE2CC2400245EDE /* GameViewController.swift in Sources */,
				DD1AE1A91BE2CC2400245EDE /* AppDelegate.swift in Sources */,
			);
			runOnlyForDeploymentPostprocessing = 0;
		};
/* End PBXSourcesBuildPhase section */

/* Begin PBXVariantGroup section */
		DD1AE1B01BE2CC2400245EDE /* Main.storyboard */ = {
			isa = PBXVariantGroup;
			children = (
				DD1AE1B11BE2CC2400245EDE /* Base */,
			);
			name = Main.storyboard;
			sourceTree = "<group>";
		};
		DD1AE1B51BE2CC2400245EDE /* LaunchScreen.storyboard */ = {
			isa = PBXVariantGroup;
			children = (
				DD1AE1B61BE2CC2400245EDE /* Base */,
			);
			name = LaunchScreen.storyboard;
			sourceTree = "<group>";
		};
/* End PBXVariantGroup section */

/* Begin XCBuildConfiguration section */
		DD1AE1B91BE2CC2400245EDE /* Debug */ = {
			isa = XCBuildConfiguration;
			buildSettings = {
				ALWAYS_SEARCH_USER_PATHS = NO;
				CLANG_CXX_LANGUAGE_STANDARD = "gnu++0x";
				CLANG_CXX_LIBRARY = "libc++";
				CLANG_ENABLE_MODULES = YES;
				CLANG_ENABLE_OBJC_ARC = YES;
				CLANG_WARN_BOOL_CONVERSION = YES;
				CLANG_WARN_CONSTANT_CONVERSION = YES;
				CLANG_WARN_DIRECT_OBJC_ISA_USAGE = YES_ERROR;
				CLANG_WARN_EMPTY_BODY = YES;
				CLANG_WARN_ENUM_CONVERSION = YES;
				CLANG_WARN_INT_CONVERSION = YES;
				CLANG_WARN_OBJC_ROOT_CLASS = YES_ERROR;
				CLANG_WARN_UNREACHABLE_CODE = YES;
				CLANG_WARN__DUPLICATE_METHOD_MATCH = YES;
				"CODE_SIGN_IDENTITY[sdk=iphoneos*]" = "iPhone Developer";
				COPY_PHASE_STRIP = NO;
				DEBUG_INFORMATION_FORMAT = "dwarf-with-dsym";
				ENABLE_STRICT_OBJC_MSGSEND = YES;
				ENABLE_TESTABILITY = YES;
				GCC_C_LANGUAGE_STANDARD = gnu99;
				GCC_DYNAMIC_NO_PIC = NO;
				GCC_NO_COMMON_BLOCKS = YES;
				GCC_OPTIMIZATION_LEVEL = 0;
				GCC_PREPROCESSOR_DEFINITIONS = (
					"DEBUG=1",
					"$(inherited)",
				);
				GCC_WARN_64_TO_32_BIT_CONVERSION = YES;
				GCC_WARN_ABOUT_RETURN_TYPE = YES_ERROR;
				GCC_WARN_UNDECLARED_SELECTOR = YES;
				GCC_WARN_UNINITIALIZED_AUTOS = YES_AGGRESSIVE;
				GCC_WARN_UNUSED_FUNCTION = YES;
				GCC_WARN_UNUSED_VARIABLE = YES;
				IPHONEOS_DEPLOYMENT_TARGET = 9.0;
				MTL_ENABLE_DEBUG_INFO = YES;
				ONLY_ACTIVE_ARCH = YES;
				SDKROOT = iphoneos;
				SWIFT_OPTIMIZATION_LEVEL = "-Onone";
			};
			name = Debug;
		};
		DD1AE1BA1BE2CC2400245EDE /* Release */ = {
			isa = XCBuildConfiguration;
			buildSettings = {
				ALWAYS_SEARCH_USER_PATHS = NO;
				CLANG_CXX_LANGUAGE_STANDARD = "gnu++0x";
				CLANG_CXX_LIBRARY = "libc++";
				CLANG_ENABLE_MODULES = YES;
				CLANG_ENABLE_OBJC_ARC = YES;
				CLANG_WARN_BOOL_CONVERSION = YES;
				CLANG_WARN_CONSTANT_CONVERSION = YES;
				CLANG_WARN_DIRECT_OBJC_ISA_USAGE = YES_ERROR;
				CLANG_WARN_EMPTY_BODY = YES;
				CLANG_WARN_ENUM_CONVERSION = YES;
				CLANG_WARN_INT_CONVERSION = YES;
				CLANG_WARN_OBJC_ROOT_CLASS = YES_ERROR;
				CLANG_WARN_UNREACHABLE_CODE = YES;
				CLANG_WARN__DUPLICATE_METHOD_MATCH = YES;
				"CODE_SIGN_IDENTITY[sdk=iphoneos*]" = "iPhone Developer";
				COPY_PHASE_STRIP = NO;
				DEBUG_INFORMATION_FORMAT = "dwarf-with-dsym";
				ENABLE_NS_ASSERTIONS = NO;
				ENABLE_STRICT_OBJC_MSGSEND = YES;
				GCC_C_LANGUAGE_STANDARD = gnu99;
				GCC_NO_COMMON_BLOCKS = YES;
				GCC_WARN_64_TO_32_BIT_CONVERSION = YES;
				GCC_WARN_ABOUT_RETURN_TYPE = YES_ERROR;
				GCC_WARN_UNDECLARED_SELECTOR = YES;
				GCC_WARN_UNINITIALIZED_AUTOS = YES_AGGRESSIVE;
				GCC_WARN_UNUSED_FUNCTION = YES;
				GCC_WARN_UNUSED_VARIABLE = YES;
				IPHONEOS_DEPLOYMENT_TARGET = 9.0;
				MTL_ENABLE_DEBUG_INFO = NO;
				SDKROOT = iphoneos;
				VALIDATE_PRODUCT = YES;
			};
			name = Release;
		};
		DD1AE1BC1BE2CC2400245EDE /* Debug */ = {
			isa = XCBuildConfiguration;
			buildSettings = {
				ASSETCATALOG_COMPILER_APPICON_NAME = AppIcon;
				INFOPLIST_FILE = MillionSource/Info.plist;
				LD_RUNPATH_SEARCH_PATHS = "$(inherited) @executable_path/Frameworks";
				PRODUCT_BUNDLE_IDENTIFIER = com.example.MillionSource;
				PRODUCT_NAME = "$(TARGET_NAME)";
			};
			name = Debug;
		};
		DD1AE1BD1BE2CC2400245EDE /* Release */ = {
			isa = XCBuildConfiguration;
			buildSettings = {
				ASSETCATALOG_COMPILER_APPICON_NAME = AppIcon;
				INFOPLIST_FILE = MillionSource/Info.plist;
				LD_RUNPATH_SEARCH_PATHS = "$(inherited) @executable_path/Frameworks";
				PRODUCT_BUNDLE_IDENTIFIER = com.example.MillionSource;
				PRODUCT_NAME = "$(TARGET_NAME)";
			};
			name = Release;
		};
/* End XCBuildConfiguration section */

/* Begin XCConfigurationList section */
		DD1AE1A01BE2CC2400245EDE /* Build configuration list for PBXProject "MillionSource" */ = {
			isa = XCConfigurationList;
			buildConfigurations = (
				DD1AE1B91BE2CC2400245EDE /* Debug */,
				DD1AE1BA1BE2CC2400245EDE /* Release */,
			);
			defaultConfigurationIsVisible = 0;
			defaultConfigurationName = Release;
		};
		DD1AE1BB1BE2CC2400245EDE /* Build configuration list for PBXNativeTarget "MillionSource" */ = {
			isa = XCConfigurationList;
			buildConfigurations = (
				DD1AE1BC1BE2CC2400245EDE /* Debug */,
				DD1AE1BD1BE2CC2400245EDE /* Release */,
			);
			defaultConfigurationIsVisible = 0;
		};
/* End XCConfigurationList section */
	};
	rootObject = DD1AE19D1BE2CC2400245EDE /* Project object */;
}
